// !$*UTF8*$!
{
	archiveVersion = 1;
	classes = {
	};
	objectVersion = 56;
	objects = {

/* Begin PBXBuildFile section */
		1A12C37329C5F6DF002D7B79 /* AppDelegate.swift in Sources */ = {isa = PBXBuildFile; fileRef = 1A12C37229C5F6DF002D7B79 /* AppDelegate.swift */; };
		1A12C37929C5F6DF002D7B79 /* GameScene.swift in Sources */ = {isa = PBXBuildFile; fileRef = 1A12C37829C5F6DF002D7B79 /* GameScene.swift */; };
		1A12C37B29C5F6DF002D7B79 /* GameViewController.swift in Sources */ = {isa = PBXBuildFile; fileRef = 1A12C37A29C5F6DF002D7B79 /* GameViewController.swift */; };
		1A12C37E29C5F6DF002D7B79 /* Main.storyboard in Resources */ = {isa = PBXBuildFile; fileRef = 1A12C37C29C5F6DF002D7B79 /* Main.storyboard */; };
		1A12C38029C5F6E0002D7B79 /* Assets.xcassets in Resources */ = {isa = PBXBuildFile; fileRef = 1A12C37F29C5F6E0002D7B79 /* Assets.xcassets */; };
		1A12C38329C5F6E0002D7B79 /* LaunchScreen.storyboard in Resources */ = {isa = PBXBuildFile; fileRef = 1A12C38129C5F6E0002D7B79 /* LaunchScreen.storyboard */; };
		1A12C38A29C60867002D7B79 /* Player.swift in Sources */ = {isa = PBXBuildFile; fileRef = 1A12C38929C60867002D7B79 /* Player.swift */; };
		1A12C38C29C60917002D7B79 /* SKSpriteNodeExtension.swift in Sources */ = {isa = PBXBuildFile; fileRef = 1A12C38B29C60917002D7B79 /* SKSpriteNodeExtension.swift */; };
		1A12C38F29C631D3002D7B79 /* CGPointExtension.swift in Sources */ = {isa = PBXBuildFile; fileRef = 1A12C38E29C631D3002D7B79 /* CGPointExtension.swift */; };
		1A12C39229C63509002D7B79 /* Layer.swift in Sources */ = {isa = PBXBuildFile; fileRef = 1A12C39129C63509002D7B79 /* Layer.swift */; };
		1A12C39429C730BD002D7B79 /* Collectible.swift in Sources */ = {isa = PBXBuildFile; fileRef = 1A12C39329C730BD002D7B79 /* Collectible.swift */; };
		1A12C39629C75B5D002D7B79 /* PhysicsCategory.swift in Sources */ = {isa = PBXBuildFile; fileRef = 1A12C39529C75B5D002D7B79 /* PhysicsCategory.swift */; };
		1A12C3B529C78D73002D7B79 /* Nosifer-Regular.ttf in Resources */ = {isa = PBXBuildFile; fileRef = 1A12C3B429C78D73002D7B79 /* Nosifer-Regular.ttf */; };
		1A12C3B829C791C1002D7B79 /* SKScene.swift in Sources */ = {isa = PBXBuildFile; fileRef = 1A12C3B729C791C1002D7B79 /* SKScene.swift */; };
		1A691EA629CA604300DB7A6C /* bubbles.mp3 in Resources */ = {isa = PBXBuildFile; fileRef = 1A691EA029CA604300DB7A6C /* bubbles.mp3 */; };
		1A691EA729CA604300DB7A6C /* collect.wav in Resources */ = {isa = PBXBuildFile; fileRef = 1A691EA129CA604300DB7A6C /* collect.wav */; };
		1A691EA829CA604300DB7A6C /* miss.wav in Resources */ = {isa = PBXBuildFile; fileRef = 1A691EA229CA604300DB7A6C /* miss.wav */; };
		1A691EA929CA604300DB7A6C /* blob_mumble-2.wav in Resources */ = {isa = PBXBuildFile; fileRef = 1A691EA329CA604300DB7A6C /* blob_mumble-2.wav */; };
		1A691EAA29CA604300DB7A6C /* blob_mumble-3.wav in Resources */ = {isa = PBXBuildFile; fileRef = 1A691EA429CA604300DB7A6C /* blob_mumble-3.wav */; };
		1A691EAB29CA604300DB7A6C /* blob_mumble-1.wav in Resources */ = {isa = PBXBuildFile; fileRef = 1A691EA529CA604300DB7A6C /* blob_mumble-1.wav */; };
		1A691EAE29CA76F600DB7A6C /* music.mp3 in Resources */ = {isa = PBXBuildFile; fileRef = 1A691EAD29CA76F600DB7A6C /* music.mp3 */; };
		1A691EB029CA7CEA00DB7A6C /* SKNodeExtension.swift in Sources */ = {isa = PBXBuildFile; fileRef = 1A691EAF29CA7CEA00DB7A6C /* SKNodeExtension.swift */; };
/* End PBXBuildFile section */

/* Begin PBXFileReference section */
		1A12C36F29C5F6DF002D7B79 /* FirstGame.app */ = {isa = PBXFileReference; explicitFileType = wrapper.application; includeInIndex = 0; path = FirstGame.app; sourceTree = BUILT_PRODUCTS_DIR; };
		1A12C37229C5F6DF002D7B79 /* AppDelegate.swift */ = {isa = PBXFileReference; lastKnownFileType = sourcecode.swift; path = AppDelegate.swift; sourceTree = "<group>"; };
		1A12C37829C5F6DF002D7B79 /* GameScene.swift */ = {isa = PBXFileReference; lastKnownFileType = sourcecode.swift; path = GameScene.swift; sourceTree = "<group>"; };
		1A12C37A29C5F6DF002D7B79 /* GameViewController.swift */ = {isa = PBXFileReference; lastKnownFileType = sourcecode.swift; path = GameViewController.swift; sourceTree = "<group>"; };
		1A12C37D29C5F6DF002D7B79 /* Base */ = {isa = PBXFileReference; lastKnownFileType = file.storyboard; name = Base; path = Base.lproj/Main.storyboard; sourceTree = "<group>"; };
		1A12C37F29C5F6E0002D7B79 /* Assets.xcassets */ = {isa = PBXFileReference; lastKnownFileType = folder.assetcatalog; path = Assets.xcassets; sourceTree = "<group>"; };
		1A12C38229C5F6E0002D7B79 /* Base */ = {isa = PBXFileReference; lastKnownFileType = file.storyboard; name = Base; path = Base.lproj/LaunchScreen.storyboard; sourceTree = "<group>"; };
		1A12C38929C60867002D7B79 /* Player.swift */ = {isa = PBXFileReference; lastKnownFileType = sourcecode.swift; path = Player.swift; sourceTree = "<group>"; };
		1A12C38B29C60917002D7B79 /* SKSpriteNodeExtension.swift */ = {isa = PBXFileReference; lastKnownFileType = sourcecode.swift; path = SKSpriteNodeExtension.swift; sourceTree = "<group>"; };
		1A12C38E29C631D3002D7B79 /* CGPointExtension.swift */ = {isa = PBXFileReference; lastKnownFileType = sourcecode.swift; path = CGPointExtension.swift; sourceTree = "<group>"; };
		1A12C39129C63509002D7B79 /* Layer.swift */ = {isa = PBXFileReference; lastKnownFileType = sourcecode.swift; path = Layer.swift; sourceTree = "<group>"; };
		1A12C39329C730BD002D7B79 /* Collectible.swift */ = {isa = PBXFileReference; lastKnownFileType = sourcecode.swift; path = Collectible.swift; sourceTree = "<group>"; };
		1A12C39529C75B5D002D7B79 /* PhysicsCategory.swift */ = {isa = PBXFileReference; lastKnownFileType = sourcecode.swift; path = PhysicsCategory.swift; sourceTree = "<group>"; };
		1A12C3B429C78D73002D7B79 /* Nosifer-Regular.ttf */ = {isa = PBXFileReference; lastKnownFileType = file; path = "Nosifer-Regular.ttf"; sourceTree = "<group>"; };
		1A12C3B629C78DAA002D7B79 /* Info.plist */ = {isa = PBXFileReference; lastKnownFileType = text.plist; path = Info.plist; sourceTree = "<group>"; };
		1A12C3B729C791C1002D7B79 /* SKScene.swift */ = {isa = PBXFileReference; lastKnownFileType = sourcecode.swift; path = SKScene.swift; sourceTree = "<group>"; };
		1A691EA029CA604300DB7A6C /* bubbles.mp3 */ = {isa = PBXFileReference; lastKnownFileType = audio.mp3; path = bubbles.mp3; sourceTree = "<group>"; };
		1A691EA129CA604300DB7A6C /* collect.wav */ = {isa = PBXFileReference; lastKnownFileType = audio.wav; path = collect.wav; sourceTree = "<group>"; };
		1A691EA229CA604300DB7A6C /* miss.wav */ = {isa = PBXFileReference; lastKnownFileType = audio.wav; path = miss.wav; sourceTree = "<group>"; };
		1A691EA329CA604300DB7A6C /* blob_mumble-2.wav */ = {isa = PBXFileReference; lastKnownFileType = audio.wav; path = "blob_mumble-2.wav"; sourceTree = "<group>"; };
		1A691EA429CA604300DB7A6C /* blob_mumble-3.wav */ = {isa = PBXFileReference; lastKnownFileType = audio.wav; path = "blob_mumble-3.wav"; sourceTree = "<group>"; };
		1A691EA529CA604300DB7A6C /* blob_mumble-1.wav */ = {isa = PBXFileReference; lastKnownFileType = audio.wav; path = "blob_mumble-1.wav"; sourceTree = "<group>"; };
		1A691EAD29CA76F600DB7A6C /* music.mp3 */ = {isa = PBXFileReference; lastKnownFileType = audio.mp3; path = music.mp3; sourceTree = "<group>"; };
		1A691EAF29CA7CEA00DB7A6C /* SKNodeExtension.swift */ = {isa = PBXFileReference; lastKnownFileType = sourcecode.swift; path = SKNodeExtension.swift; sourceTree = "<group>"; };
/* End PBXFileReference section */

/* Begin PBXFrameworksBuildPhase section */
		1A12C36C29C5F6DF002D7B79 /* Frameworks */ = {
			isa = PBXFrameworksBuildPhase;
			buildActionMask = 2147483647;
			files = (
			);
			runOnlyForDeploymentPostprocessing = 0;
		};
/* End PBXFrameworksBuildPhase section */

/* Begin PBXGroup section */
		1A12C36629C5F6DF002D7B79 = {
			isa = PBXGroup;
			children = (
				1A12C37129C5F6DF002D7B79 /* FirstGame */,
				1A12C37029C5F6DF002D7B79 /* Products */,
			);
			sourceTree = "<group>";
		};
		1A12C37029C5F6DF002D7B79 /* Products */ = {
			isa = PBXGroup;
			children = (
				1A12C36F29C5F6DF002D7B79 /* FirstGame.app */,
			);
			name = Products;
			sourceTree = "<group>";
		};
		1A12C37129C5F6DF002D7B79 /* FirstGame */ = {
			isa = PBXGroup;
			children = (
				1A12C3B629C78DAA002D7B79 /* Info.plist */,
				1A12C37A29C5F6DF002D7B79 /* GameViewController.swift */,
				1A12C37829C5F6DF002D7B79 /* GameScene.swift */,
				1A12C38929C60867002D7B79 /* Player.swift */,
				1A12C39329C730BD002D7B79 /* Collectible.swift */,
				1A12C37F29C5F6E0002D7B79 /* Assets.xcassets */,
				1A12C37229C5F6DF002D7B79 /* AppDelegate.swift */,
				1A12C38D29C631BE002D7B79 /* Extensions */,
				1A12C3B329C78D17002D7B79 /* Fonts */,
				1A12C39029C634F2002D7B79 /* Models */,
				1A691EAC29CA76F600DB7A6C /* Music */,
				1A691E9F29CA604300DB7A6C /* Sounds */,
				1A12C38129C5F6E0002D7B79 /* LaunchScreen.storyboard */,
				1A12C37C29C5F6DF002D7B79 /* Main.storyboard */,
			);
			path = FirstGame;
			sourceTree = "<group>";
		};
		1A12C38D29C631BE002D7B79 /* Extensions */ = {
			isa = PBXGroup;
			children = (
				1A12C38E29C631D3002D7B79 /* CGPointExtension.swift */,
				1A691EAF29CA7CEA00DB7A6C /* SKNodeExtension.swift */,
				1A12C3B729C791C1002D7B79 /* SKScene.swift */,
				1A12C38B29C60917002D7B79 /* SKSpriteNodeExtension.swift */,
			);
			path = Extensions;
			sourceTree = "<group>";
		};
		1A12C39029C634F2002D7B79 /* Models */ = {
			isa = PBXGroup;
			children = (
				1A12C39129C63509002D7B79 /* Layer.swift */,
				1A12C39529C75B5D002D7B79 /* PhysicsCategory.swift */,
			);
			path = Models;
			sourceTree = "<group>";
		};
		1A12C3B329C78D17002D7B79 /* Fonts */ = {
			isa = PBXGroup;
			children = (
				1A12C3B429C78D73002D7B79 /* Nosifer-Regular.ttf */,
			);
			path = Fonts;
			sourceTree = "<group>";
		};
		1A691E9F29CA604300DB7A6C /* Sounds */ = {
			isa = PBXGroup;
			children = (
				1A691EA029CA604300DB7A6C /* bubbles.mp3 */,
				1A691EA129CA604300DB7A6C /* collect.wav */,
				1A691EA229CA604300DB7A6C /* miss.wav */,
				1A691EA329CA604300DB7A6C /* blob_mumble-2.wav */,
				1A691EA429CA604300DB7A6C /* blob_mumble-3.wav */,
				1A691EA529CA604300DB7A6C /* blob_mumble-1.wav */,
			);
			path = Sounds;
			sourceTree = "<group>";
		};
		1A691EAC29CA76F600DB7A6C /* Music */ = {
			isa = PBXGroup;
			children = (
				1A691EAD29CA76F600DB7A6C /* music.mp3 */,
			);
			path = Music;
			sourceTree = "<group>";
		};
/* End PBXGroup section */

/* Begin PBXNativeTarget section */
		1A12C36E29C5F6DF002D7B79 /* FirstGame */ = {
			isa = PBXNativeTarget;
			buildConfigurationList = 1A12C38629C5F6E0002D7B79 /* Build configuration list for PBXNativeTarget "FirstGame" */;
			buildPhases = (
				1A12C36B29C5F6DF002D7B79 /* Sources */,
				1A12C36C29C5F6DF002D7B79 /* Frameworks */,
				1A12C36D29C5F6DF002D7B79 /* Resources */,
			);
			buildRules = (
			);
			dependencies = (
			);
			name = FirstGame;
			productName = FirstGame;
			productReference = 1A12C36F29C5F6DF002D7B79 /* FirstGame.app */;
			productType = "com.apple.product-type.application";
		};
/* End PBXNativeTarget section */

/* Begin PBXProject section */
		1A12C36729C5F6DF002D7B79 /* Project object */ = {
			isa = PBXProject;
			attributes = {
				BuildIndependentTargetsInParallel = 1;
				LastSwiftUpdateCheck = 1420;
				LastUpgradeCheck = 1420;
				TargetAttributes = {
					1A12C36E29C5F6DF002D7B79 = {
						CreatedOnToolsVersion = 14.2;
					};
				};
			};
			buildConfigurationList = 1A12C36A29C5F6DF002D7B79 /* Build configuration list for PBXProject "FirstGame" */;
			compatibilityVersion = "Xcode 14.0";
			developmentRegion = en;
			hasScannedForEncodings = 0;
			knownRegions = (
				en,
				Base,
			);
			mainGroup = 1A12C36629C5F6DF002D7B79;
			productRefGroup = 1A12C37029C5F6DF002D7B79 /* Products */;
			projectDirPath = "";
			projectRoot = "";
			targets = (
				1A12C36E29C5F6DF002D7B79 /* FirstGame */,
			);
		};
/* End PBXProject section */

/* Begin PBXResourcesBuildPhase section */
		1A12C36D29C5F6DF002D7B79 /* Resources */ = {
			isa = PBXResourcesBuildPhase;
			buildActionMask = 2147483647;
			files = (
				1A12C3B529C78D73002D7B79 /* Nosifer-Regular.ttf in Resources */,
				1A691EA829CA604300DB7A6C /* miss.wav in Resources */,
				1A691EA729CA604300DB7A6C /* collect.wav in Resources */,
				1A12C37E29C5F6DF002D7B79 /* Main.storyboard in Resources */,
				1A691EAA29CA604300DB7A6C /* blob_mumble-3.wav in Resources */,
				1A691EA929CA604300DB7A6C /* blob_mumble-2.wav in Resources */,
				1A12C38029C5F6E0002D7B79 /* Assets.xcassets in Resources */,
				1A691EAB29CA604300DB7A6C /* blob_mumble-1.wav in Resources */,
				1A691EA629CA604300DB7A6C /* bubbles.mp3 in Resources */,
				1A12C38329C5F6E0002D7B79 /* LaunchScreen.storyboard in Resources */,
				1A691EAE29CA76F600DB7A6C /* music.mp3 in Resources */,
			);
			runOnlyForDeploymentPostprocessing = 0;
		};
/* End PBXResourcesBuildPhase section */

/* Begin PBXSourcesBuildPhase section */
		1A12C36B29C5F6DF002D7B79 /* Sources */ = {
			isa = PBXSourcesBuildPhase;
			buildActionMask = 2147483647;
			files = (
				1A12C38A29C60867002D7B79 /* Player.swift in Sources */,
				1A12C37929C5F6DF002D7B79 /* GameScene.swift in Sources */,
				1A12C38F29C631D3002D7B79 /* CGPointExtension.swift in Sources */,
				1A12C39629C75B5D002D7B79 /* PhysicsCategory.swift in Sources */,
				1A12C3B829C791C1002D7B79 /* SKScene.swift in Sources */,
				1A12C39229C63509002D7B79 /* Layer.swift in Sources */,
				1A12C37B29C5F6DF002D7B79 /* GameViewController.swift in Sources */,
				1A12C38C29C60917002D7B79 /* SKSpriteNodeExtension.swift in Sources */,
				1A12C39429C730BD002D7B79 /* Collectible.swift in Sources */,
				1A12C37329C5F6DF002D7B79 /* AppDelegate.swift in Sources */,
				1A691EB029CA7CEA00DB7A6C /* SKNodeExtension.swift in Sources */,
			);
			runOnlyForDeploymentPostprocessing = 0;
		};
/* End PBXSourcesBuildPhase section */

/* Begin PBXVariantGroup section */
		1A12C37C29C5F6DF002D7B79 /* Main.storyboard */ = {
			isa = PBXVariantGroup;
			children = (
				1A12C37D29C5F6DF002D7B79 /* Base */,
			);
			name = Main.storyboard;
			sourceTree = "<group>";
		};
		1A12C38129C5F6E0002D7B79 /* LaunchScreen.storyboard */ = {
			isa = PBXVariantGroup;
			children = (
				1A12C38229C5F6E0002D7B79 /* Base */,
			);
			name = LaunchScreen.storyboard;
			sourceTree = "<group>";
		};
/* End PBXVariantGroup section */

/* Begin XCBuildConfiguration section */
		1A12C38429C5F6E0002D7B79 /* Debug */ = {
			isa = XCBuildConfiguration;
			buildSettings = {
				ALWAYS_SEARCH_USER_PATHS = NO;
				CLANG_ANALYZER_NONNULL = YES;
				CLANG_ANALYZER_NUMBER_OBJECT_CONVERSION = YES_AGGRESSIVE;
				CLANG_CXX_LANGUAGE_STANDARD = "gnu++20";
				CLANG_ENABLE_MODULES = YES;
				CLANG_ENABLE_OBJC_ARC = YES;
				CLANG_ENABLE_OBJC_WEAK = YES;
				CLANG_WARN_BLOCK_CAPTURE_AUTORELEASING = YES;
				CLANG_WARN_BOOL_CONVERSION = YES;
				CLANG_WARN_COMMA = YES;
				CLANG_WARN_CONSTANT_CONVERSION = YES;
				CLANG_WARN_DEPRECATED_OBJC_IMPLEMENTATIONS = YES;
				CLANG_WARN_DIRECT_OBJC_ISA_USAGE = YES_ERROR;
				CLANG_WARN_DOCUMENTATION_COMMENTS = YES;
				CLANG_WARN_EMPTY_BODY = YES;
				CLANG_WARN_ENUM_CONVERSION = YES;
				CLANG_WARN_INFINITE_RECURSION = YES;
				CLANG_WARN_INT_CONVERSION = YES;
				CLANG_WARN_NON_LITERAL_NULL_CONVERSION = YES;
				CLANG_WARN_OBJC_IMPLICIT_RETAIN_SELF = YES;
				CLANG_WARN_OBJC_LITERAL_CONVERSION = YES;
				CLANG_WARN_OBJC_ROOT_CLASS = YES_ERROR;
				CLANG_WARN_QUOTED_INCLUDE_IN_FRAMEWORK_HEADER = YES;
				CLANG_WARN_RANGE_LOOP_ANALYSIS = YES;
				CLANG_WARN_STRICT_PROTOTYPES = YES;
				CLANG_WARN_SUSPICIOUS_MOVE = YES;
				CLANG_WARN_UNGUARDED_AVAILABILITY = YES_AGGRESSIVE;
				CLANG_WARN_UNREACHABLE_CODE = YES;
				CLANG_WARN__DUPLICATE_METHOD_MATCH = YES;
				COPY_PHASE_STRIP = NO;
				DEBUG_INFORMATION_FORMAT = dwarf;
				ENABLE_STRICT_OBJC_MSGSEND = YES;
				ENABLE_TESTABILITY = YES;
				GCC_C_LANGUAGE_STANDARD = gnu11;
				GCC_DYNAMIC_NO_PIC = NO;
				GCC_NO_COMMON_BLOCKS = YES;
				GCC_OPTIMIZATION_LEVEL = 0;
				GCC_PREPROCESSOR_DEFINITIONS = (
					"DEBUG=1",
					"$(inherited)",
				);
				GCC_WARN_64_TO_32_BIT_CONVERSION = YES;
				GCC_WARN_ABOUT_RETURN_TYPE = YES_ERROR;
				GCC_WARN_UNDECLARED_SELECTOR = YES;
				GCC_WARN_UNINITIALIZED_AUTOS = YES_AGGRESSIVE;
				GCC_WARN_UNUSED_FUNCTION = YES;
				GCC_WARN_UNUSED_VARIABLE = YES;
				IPHONEOS_DEPLOYMENT_TARGET = 16.2;
				MTL_ENABLE_DEBUG_INFO = INCLUDE_SOURCE;
				MTL_FAST_MATH = YES;
				ONLY_ACTIVE_ARCH = YES;
				SDKROOT = iphoneos;
				SWIFT_ACTIVE_COMPILATION_CONDITIONS = DEBUG;
				SWIFT_OPTIMIZATION_LEVEL = "-Onone";
			};
			name = Debug;
		};
		1A12C38529C5F6E0002D7B79 /* Release */ = {
			isa = XCBuildConfiguration;
			buildSettings = {
				ALWAYS_SEARCH_USER_PATHS = NO;
				CLANG_ANALYZER_NONNULL = YES;
				CLANG_ANALYZER_NUMBER_OBJECT_CONVERSION = YES_AGGRESSIVE;
				CLANG_CXX_LANGUAGE_STANDARD = "gnu++20";
				CLANG_ENABLE_MODULES = YES;
				CLANG_ENABLE_OBJC_ARC = YES;
				CLANG_ENABLE_OBJC_WEAK = YES;
				CLANG_WARN_BLOCK_CAPTURE_AUTORELEASING = YES;
				CLANG_WARN_BOOL_CONVERSION = YES;
				CLANG_WARN_COMMA = YES;
				CLANG_WARN_CONSTANT_CONVERSION = YES;
				CLANG_WARN_DEPRECATED_OBJC_IMPLEMENTATIONS = YES;
				CLANG_WARN_DIRECT_OBJC_ISA_USAGE = YES_ERROR;
				CLANG_WARN_DOCUMENTATION_COMMENTS = YES;
				CLANG_WARN_EMPTY_BODY = YES;
				CLANG_WARN_ENUM_CONVERSION = YES;
				CLANG_WARN_INFINITE_RECURSION = YES;
				CLANG_WARN_INT_CONVERSION = YES;
				CLANG_WARN_NON_LITERAL_NULL_CONVERSION = YES;
				CLANG_WARN_OBJC_IMPLICIT_RETAIN_SELF = YES;
				CLANG_WARN_OBJC_LITERAL_CONVERSION = YES;
				CLANG_WARN_OBJC_ROOT_CLASS = YES_ERROR;
				CLANG_WARN_QUOTED_INCLUDE_IN_FRAMEWORK_HEADER = YES;
				CLANG_WARN_RANGE_LOOP_ANALYSIS = YES;
				CLANG_WARN_STRICT_PROTOTYPES = YES;
				CLANG_WARN_SUSPICIOUS_MOVE = YES;
				CLANG_WARN_UNGUARDED_AVAILABILITY = YES_AGGRESSIVE;
				CLANG_WARN_UNREACHABLE_CODE = YES;
				CLANG_WARN__DUPLICATE_METHOD_MATCH = YES;
				COPY_PHASE_STRIP = NO;
				DEBUG_INFORMATION_FORMAT = "dwarf-with-dsym";
				ENABLE_NS_ASSERTIONS = NO;
				ENABLE_STRICT_OBJC_MSGSEND = YES;
				GCC_C_LANGUAGE_STANDARD = gnu11;
				GCC_NO_COMMON_BLOCKS = YES;
				GCC_WARN_64_TO_32_BIT_CONVERSION = YES;
				GCC_WARN_ABOUT_RETURN_TYPE = YES_ERROR;
				GCC_WARN_UNDECLARED_SELECTOR = YES;
				GCC_WARN_UNINITIALIZED_AUTOS = YES_AGGRESSIVE;
				GCC_WARN_UNUSED_FUNCTION = YES;
				GCC_WARN_UNUSED_VARIABLE = YES;
				IPHONEOS_DEPLOYMENT_TARGET = 16.2;
				MTL_ENABLE_DEBUG_INFO = NO;
				MTL_FAST_MATH = YES;
				SDKROOT = iphoneos;
				SWIFT_COMPILATION_MODE = wholemodule;
				SWIFT_OPTIMIZATION_LEVEL = "-O";
				VALIDATE_PRODUCT = YES;
			};
			name = Release;
		};
		1A12C38729C5F6E0002D7B79 /* Debug */ = {
			isa = XCBuildConfiguration;
			buildSettings = {
				ASSETCATALOG_COMPILER_APPICON_NAME = AppIcon;
				ASSETCATALOG_COMPILER_GLOBAL_ACCENT_COLOR_NAME = AccentColor;
				CODE_SIGN_STYLE = Automatic;
				CURRENT_PROJECT_VERSION = 1;
				DEVELOPMENT_TEAM = 4BG3523GAZ;
				GENERATE_INFOPLIST_FILE = YES;
				INFOPLIST_FILE = FirstGame/Info.plist;
				INFOPLIST_KEY_UIApplicationSupportsIndirectInputEvents = YES;
				INFOPLIST_KEY_UILaunchStoryboardName = LaunchScreen;
				INFOPLIST_KEY_UIMainStoryboardFile = Main;
				INFOPLIST_KEY_UIStatusBarHidden = YES;
				INFOPLIST_KEY_UISupportedInterfaceOrientations = "UIInterfaceOrientationLandscapeLeft UIInterfaceOrientationLandscapeRight";
				INFOPLIST_KEY_UISupportedInterfaceOrientations_iPad = "UIInterfaceOrientationLandscapeLeft UIInterfaceOrientationLandscapeRight";
				LD_RUNPATH_SEARCH_PATHS = (
					"$(inherited)",
					"@executable_path/Frameworks",
				);
				MARKETING_VERSION = 1.0;
				PRODUCT_BUNDLE_IDENTIFIER = r.mark.volkmann.gmail.com.FirstGame;
				PRODUCT_NAME = "$(TARGET_NAME)";
				SWIFT_EMIT_LOC_STRINGS = YES;
				SWIFT_VERSION = 5.0;
				TARGETED_DEVICE_FAMILY = "1,2";
			};
			name = Debug;
		};
		1A12C38829C5F6E0002D7B79 /* Release */ = {
			isa = XCBuildConfiguration;
			buildSettings = {
				ASSETCATALOG_COMPILER_APPICON_NAME = AppIcon;
				ASSETCATALOG_COMPILER_GLOBAL_ACCENT_COLOR_NAME = AccentColor;
				CODE_SIGN_STYLE = Automatic;
				CURRENT_PROJECT_VERSION = 1;
				DEVELOPMENT_TEAM = 4BG3523GAZ;
				GENERATE_INFOPLIST_FILE = YES;
				INFOPLIST_FILE = FirstGame/Info.plist;
				INFOPLIST_KEY_UIApplicationSupportsIndirectInputEvents = YES;
				INFOPLIST_KEY_UILaunchStoryboardName = LaunchScreen;
				INFOPLIST_KEY_UIMainStoryboardFile = Main;
				INFOPLIST_KEY_UIStatusBarHidden = YES;
				INFOPLIST_KEY_UISupportedInterfaceOrientations = "UIInterfaceOrientationLandscapeLeft UIInterfaceOrientationLandscapeRight";
				INFOPLIST_KEY_UISupportedInterfaceOrientations_iPad = "UIInterfaceOrientationLandscapeLeft UIInterfaceOrientationLandscapeRight";
				LD_RUNPATH_SEARCH_PATHS = (
					"$(inherited)",
					"@executable_path/Frameworks",
				);
				MARKETING_VERSION = 1.0;
				PRODUCT_BUNDLE_IDENTIFIER = r.mark.volkmann.gmail.com.FirstGame;
				PRODUCT_NAME = "$(TARGET_NAME)";
				SWIFT_EMIT_LOC_STRINGS = YES;
				SWIFT_VERSION = 5.0;
				TARGETED_DEVICE_FAMILY = "1,2";
			};
			name = Release;
		};
/* End XCBuildConfiguration section */

/* Begin XCConfigurationList section */
		1A12C36A29C5F6DF002D7B79 /* Build configuration list for PBXProject "FirstGame" */ = {
			isa = XCConfigurationList;
			buildConfigurations = (
				1A12C38429C5F6E0002D7B79 /* Debug */,
				1A12C38529C5F6E0002D7B79 /* Release */,
			);
			defaultConfigurationIsVisible = 0;
			defaultConfigurationName = Release;
		};
		1A12C38629C5F6E0002D7B79 /* Build configuration list for PBXNativeTarget "FirstGame" */ = {
			isa = XCConfigurationList;
			buildConfigurations = (
				1A12C38729C5F6E0002D7B79 /* Debug */,
				1A12C38829C5F6E0002D7B79 /* Release */,
			);
			defaultConfigurationIsVisible = 0;
			defaultConfigurationName = Release;
		};
/* End XCConfigurationList section */
	};
	rootObject = 1A12C36729C5F6DF002D7B79 /* Project object */;
}
